// !$*UTF8*$!
{
	archiveVersion = 1;
	classes = {
	};
	objectVersion = 46;
	objects = {

/* Begin PBXBuildFile section */
		B42A2B421D61A7D10086ED33 /* HYSideViewController.m in Sources */ = {isa = PBXBuildFile; fileRef = B42A2B411D61A7D10086ED33 /* HYSideViewController.m */; };
		B42A2B481D61AC300086ED33 /* TwoViewController.m in Sources */ = {isa = PBXBuildFile; fileRef = B42A2B471D61AC300086ED33 /* TwoViewController.m */; };
		B45FC9E31D62B50A00CD6FD5 /* RightSideVC.m in Sources */ = {isa = PBXBuildFile; fileRef = B45FC9E21D62B50A00CD6FD5 /* RightSideVC.m */; };
		F825012A1C9D1C7E00150AE3 /* Objective-C.gitignore in Resources */ = {isa = PBXBuildFile; fileRef = F82501291C9D1C7E00150AE3 /* Objective-C.gitignore */; };
		F8E423EC1C9BDA64005B8AE7 /* main.m in Sources */ = {isa = PBXBuildFile; fileRef = F8E423EB1C9BDA64005B8AE7 /* main.m */; };
		F8E423EF1C9BDA64005B8AE7 /* AppDelegate.m in Sources */ = {isa = PBXBuildFile; fileRef = F8E423EE1C9BDA64005B8AE7 /* AppDelegate.m */; };
		F8E423F51C9BDA64005B8AE7 /* Main.storyboard in Resources */ = {isa = PBXBuildFile; fileRef = F8E423F31C9BDA64005B8AE7 /* Main.storyboard */; };
		F8E423F71C9BDA64005B8AE7 /* Assets.xcassets in Resources */ = {isa = PBXBuildFile; fileRef = F8E423F61C9BDA64005B8AE7 /* Assets.xcassets */; };
		F8E423FA1C9BDA64005B8AE7 /* LaunchScreen.storyboard in Resources */ = {isa = PBXBuildFile; fileRef = F8E423F81C9BDA64005B8AE7 /* LaunchScreen.storyboard */; };
		F8E424051C9BDA65005B8AE7 /* sideTestTests.m in Sources */ = {isa = PBXBuildFile; fileRef = F8E424041C9BDA65005B8AE7 /* sideTestTests.m */; };
		F8E424101C9BDA65005B8AE7 /* sideTestUITests.m in Sources */ = {isa = PBXBuildFile; fileRef = F8E4240F1C9BDA65005B8AE7 /* sideTestUITests.m */; };
		F8E4242C1C9BDF89005B8AE7 /* SideVc.m in Sources */ = {isa = PBXBuildFile; fileRef = F8E4242B1C9BDF89005B8AE7 /* SideVc.m */; };
/* End PBXBuildFile section */

/* Begin PBXContainerItemProxy section */
		F8E424011C9BDA64005B8AE7 /* PBXContainerItemProxy */ = {
			isa = PBXContainerItemProxy;
			containerPortal = F8E423DF1C9BDA64005B8AE7 /* Project object */;
			proxyType = 1;
			remoteGlobalIDString = F8E423E61C9BDA64005B8AE7;
			remoteInfo = sideTest;
		};
		F8E4240C1C9BDA65005B8AE7 /* PBXContainerItemProxy */ = {
			isa = PBXContainerItemProxy;
			containerPortal = F8E423DF1C9BDA64005B8AE7 /* Project object */;
			proxyType = 1;
			remoteGlobalIDString = F8E423E61C9BDA64005B8AE7;
			remoteInfo = sideTest;
		};
/* End PBXContainerItemProxy section */

/* Begin PBXFileReference section */
		B42A2B401D61A7D10086ED33 /* HYSideViewController.h */ = {isa = PBXFileReference; fileEncoding = 4; lastKnownFileType = sourcecode.c.h; path = HYSideViewController.h; sourceTree = "<group>"; };
		B42A2B411D61A7D10086ED33 /* HYSideViewController.m */ = {isa = PBXFileReference; fileEncoding = 4; lastKnownFileType = sourcecode.c.objc; path = HYSideViewController.m; sourceTree = "<group>"; };
		B42A2B461D61AC300086ED33 /* TwoViewController.h */ = {isa = PBXFileReference; fileEncoding = 4; lastKnownFileType = sourcecode.c.h; path = TwoViewController.h; sourceTree = "<group>"; };
		B42A2B471D61AC300086ED33 /* TwoViewController.m */ = {isa = PBXFileReference; fileEncoding = 4; lastKnownFileType = sourcecode.c.objc; path = TwoViewController.m; sourceTree = "<group>"; };
		B45FC9E11D62B50A00CD6FD5 /* RightSideVC.h */ = {isa = PBXFileReference; fileEncoding = 4; lastKnownFileType = sourcecode.c.h; path = RightSideVC.h; sourceTree = "<group>"; };
		B45FC9E21D62B50A00CD6FD5 /* RightSideVC.m */ = {isa = PBXFileReference; fileEncoding = 4; lastKnownFileType = sourcecode.c.objc; path = RightSideVC.m; sourceTree = "<group>"; };
		F82501291C9D1C7E00150AE3 /* Objective-C.gitignore */ = {isa = PBXFileReference; fileEncoding = 4; lastKnownFileType = text; path = "Objective-C.gitignore"; sourceTree = "<group>"; };
		F8E423E71C9BDA64005B8AE7 /* sideTest.app */ = {isa = PBXFileReference; explicitFileType = wrapper.application; includeInIndex = 0; path = sideTest.app; sourceTree = BUILT_PRODUCTS_DIR; };
		F8E423EB1C9BDA64005B8AE7 /* main.m */ = {isa = PBXFileReference; lastKnownFileType = sourcecode.c.objc; path = main.m; sourceTree = "<group>"; };
		F8E423ED1C9BDA64005B8AE7 /* AppDelegate.h */ = {isa = PBXFileReference; lastKnownFileType = sourcecode.c.h; path = AppDelegate.h; sourceTree = "<group>"; };
		F8E423EE1C9BDA64005B8AE7 /* AppDelegate.m */ = {isa = PBXFileReference; lastKnownFileType = sourcecode.c.objc; path = AppDelegate.m; sourceTree = "<group>"; };
		F8E423F41C9BDA64005B8AE7 /* Base */ = {isa = PBXFileReference; lastKnownFileType = file.storyboard; name = Base; path = Base.lproj/Main.storyboard; sourceTree = "<group>"; };
		F8E423F61C9BDA64005B8AE7 /* Assets.xcassets */ = {isa = PBXFileReference; lastKnownFileType = folder.assetcatalog; path = Assets.xcassets; sourceTree = "<group>"; };
		F8E423F91C9BDA64005B8AE7 /* Base */ = {isa = PBXFileReference; lastKnownFileType = file.storyboard; name = Base; path = Base.lproj/LaunchScreen.storyboard; sourceTree = "<group>"; };
		F8E423FB1C9BDA64005B8AE7 /* Info.plist */ = {isa = PBXFileReference; lastKnownFileType = text.plist.xml; path = Info.plist; sourceTree = "<group>"; };
		F8E424001C9BDA64005B8AE7 /* sideTestTests.xctest */ = {isa = PBXFileReference; explicitFileType = wrapper.cfbundle; includeInIndex = 0; path = sideTestTests.xctest; sourceTree = BUILT_PRODUCTS_DIR; };
		F8E424041C9BDA65005B8AE7 /* sideTestTests.m */ = {isa = PBXFileReference; lastKnownFileType = sourcecode.c.objc; path = sideTestTests.m; sourceTree = "<group>"; };
		F8E424061C9BDA65005B8AE7 /* Info.plist */ = {isa = PBXFileReference; lastKnownFileType = text.plist.xml; path = Info.plist; sourceTree = "<group>"; };
		F8E4240B1C9BDA65005B8AE7 /* sideTestUITests.xctest */ = {isa = PBXFileReference; explicitFileType = wrapper.cfbundle; includeInIndex = 0; path = sideTestUITests.xctest; sourceTree = BUILT_PRODUCTS_DIR; };
		F8E4240F1C9BDA65005B8AE7 /* sideTestUITests.m */ = {isa = PBXFileReference; lastKnownFileType = sourcecode.c.objc; path = sideTestUITests.m; sourceTree = "<group>"; };
		F8E424111C9BDA65005B8AE7 /* Info.plist */ = {isa = PBXFileReference; lastKnownFileType = text.plist.xml; path = Info.plist; sourceTree = "<group>"; };
		F8E4242A1C9BDF89005B8AE7 /* SideVc.h */ = {isa = PBXFileReference; fileEncoding = 4; lastKnownFileType = sourcecode.c.h; path = SideVc.h; sourceTree = "<group>"; };
		F8E4242B1C9BDF89005B8AE7 /* SideVc.m */ = {isa = PBXFileReference; fileEncoding = 4; lastKnownFileType = sourcecode.c.objc; path = SideVc.m; sourceTree = "<group>"; };
/* End PBXFileReference section */

/* Begin PBXFrameworksBuildPhase section */
		F8E423E41C9BDA64005B8AE7 /* Frameworks */ = {
			isa = PBXFrameworksBuildPhase;
			buildActionMask = 2147483647;
			files = (
			);
			runOnlyForDeploymentPostprocessing = 0;
		};
		F8E423FD1C9BDA64005B8AE7 /* Frameworks */ = {
			isa = PBXFrameworksBuildPhase;
			buildActionMask = 2147483647;
			files = (
			);
			runOnlyForDeploymentPostprocessing = 0;
		};
		F8E424081C9BDA65005B8AE7 /* Frameworks */ = {
			isa = PBXFrameworksBuildPhase;
			buildActionMask = 2147483647;
			files = (
			);
			runOnlyForDeploymentPostprocessing = 0;
		};
/* End PBXFrameworksBuildPhase section */

/* Begin PBXGroup section */
		F8E423DE1C9BDA64005B8AE7 = {
			isa = PBXGroup;
			children = (
				F8E423E91C9BDA64005B8AE7 /* sideTest */,
				F8E424031C9BDA65005B8AE7 /* sideTestTests */,
				F8E4240E1C9BDA65005B8AE7 /* sideTestUITests */,
				F8E423E81C9BDA64005B8AE7 /* Products */,
			);
			sourceTree = "<group>";
		};
		F8E423E81C9BDA64005B8AE7 /* Products */ = {
			isa = PBXGroup;
			children = (
				F8E423E71C9BDA64005B8AE7 /* sideTest.app */,
				F8E424001C9BDA64005B8AE7 /* sideTestTests.xctest */,
				F8E4240B1C9BDA65005B8AE7 /* sideTestUITests.xctest */,
			);
			name = Products;
			sourceTree = "<group>";
		};
		F8E423E91C9BDA64005B8AE7 /* sideTest */ = {
			isa = PBXGroup;
			children = (
				F8E4241D1C9BDA70005B8AE7 /* HYSide */,
				F8E423ED1C9BDA64005B8AE7 /* AppDelegate.h */,
				F8E423EE1C9BDA64005B8AE7 /* AppDelegate.m */,
				B42A2B461D61AC300086ED33 /* TwoViewController.h */,
				B42A2B471D61AC300086ED33 /* TwoViewController.m */,
				F8E4242A1C9BDF89005B8AE7 /* SideVc.h */,
				F8E4242B1C9BDF89005B8AE7 /* SideVc.m */,
				B45FC9E11D62B50A00CD6FD5 /* RightSideVC.h */,
				B45FC9E21D62B50A00CD6FD5 /* RightSideVC.m */,
				F8E423F31C9BDA64005B8AE7 /* Main.storyboard */,
				F8E423F61C9BDA64005B8AE7 /* Assets.xcassets */,
				F8E423F81C9BDA64005B8AE7 /* LaunchScreen.storyboard */,
				F8E423FB1C9BDA64005B8AE7 /* Info.plist */,
				F8E423EA1C9BDA64005B8AE7 /* Supporting Files */,
			);
			path = sideTest;
			sourceTree = "<group>";
		};
		F8E423EA1C9BDA64005B8AE7 /* Supporting Files */ = {
			isa = PBXGroup;
			children = (
				F82501291C9D1C7E00150AE3 /* Objective-C.gitignore */,
				F8E423EB1C9BDA64005B8AE7 /* main.m */,
			);
			name = "Supporting Files";
			sourceTree = "<group>";
		};
		F8E424031C9BDA65005B8AE7 /* sideTestTests */ = {
			isa = PBXGroup;
			children = (
				F8E424041C9BDA65005B8AE7 /* sideTestTests.m */,
				F8E424061C9BDA65005B8AE7 /* Info.plist */,
			);
			path = sideTestTests;
			sourceTree = "<group>";
		};
		F8E4240E1C9BDA65005B8AE7 /* sideTestUITests */ = {
			isa = PBXGroup;
			children = (
				F8E4240F1C9BDA65005B8AE7 /* sideTestUITests.m */,
				F8E424111C9BDA65005B8AE7 /* Info.plist */,
			);
			path = sideTestUITests;
			sourceTree = "<group>";
		};
		F8E4241D1C9BDA70005B8AE7 /* HYSide */ = {
			isa = PBXGroup;
			children = (
				B42A2B401D61A7D10086ED33 /* HYSideViewController.h */,
				B42A2B411D61A7D10086ED33 /* HYSideViewController.m */,
			);
			path = HYSide;
			sourceTree = "<group>";
		};
/* End PBXGroup section */

/* Begin PBXNativeTarget section */
		F8E423E61C9BDA64005B8AE7 /* sideTest */ = {
			isa = PBXNativeTarget;
			buildConfigurationList = F8E424141C9BDA65005B8AE7 /* Build configuration list for PBXNativeTarget "sideTest" */;
			buildPhases = (
				F8E423E31C9BDA64005B8AE7 /* Sources */,
				F8E423E41C9BDA64005B8AE7 /* Frameworks */,
				F8E423E51C9BDA64005B8AE7 /* Resources */,
			);
			buildRules = (
			);
			dependencies = (
			);
			name = sideTest;
			productName = sideTest;
			productReference = F8E423E71C9BDA64005B8AE7 /* sideTest.app */;
			productType = "com.apple.product-type.application";
		};
		F8E423FF1C9BDA64005B8AE7 /* sideTestTests */ = {
			isa = PBXNativeTarget;
			buildConfigurationList = F8E424171C9BDA65005B8AE7 /* Build configuration list for PBXNativeTarget "sideTestTests" */;
			buildPhases = (
				F8E423FC1C9BDA64005B8AE7 /* Sources */,
				F8E423FD1C9BDA64005B8AE7 /* Frameworks */,
				F8E423FE1C9BDA64005B8AE7 /* Resources */,
			);
			buildRules = (
			);
			dependencies = (
				F8E424021C9BDA64005B8AE7 /* PBXTargetDependency */,
			);
			name = sideTestTests;
			productName = sideTestTests;
			productReference = F8E424001C9BDA64005B8AE7 /* sideTestTests.xctest */;
			productType = "com.apple.product-type.bundle.unit-test";
		};
		F8E4240A1C9BDA65005B8AE7 /* sideTestUITests */ = {
			isa = PBXNativeTarget;
			buildConfigurationList = F8E4241A1C9BDA65005B8AE7 /* Build configuration list for PBXNativeTarget "sideTestUITests" */;
			buildPhases = (
				F8E424071C9BDA65005B8AE7 /* Sources */,
				F8E424081C9BDA65005B8AE7 /* Frameworks */,
				F8E424091C9BDA65005B8AE7 /* Resources */,
			);
			buildRules = (
			);
			dependencies = (
				F8E4240D1C9BDA65005B8AE7 /* PBXTargetDependency */,
			);
			name = sideTestUITests;
			productName = sideTestUITests;
			productReference = F8E4240B1C9BDA65005B8AE7 /* sideTestUITests.xctest */;
			productType = "com.apple.product-type.bundle.ui-testing";
		};
/* End PBXNativeTarget section */

/* Begin PBXProject section */
		F8E423DF1C9BDA64005B8AE7 /* Project object */ = {
			isa = PBXProject;
			attributes = {
				LastUpgradeCheck = 0720;
				ORGANIZATIONNAME = HelloYeah;
				TargetAttributes = {
					F8E423E61C9BDA64005B8AE7 = {
						CreatedOnToolsVersion = 7.2;
						DevelopmentTeam = W55448EFBF;
					};
					F8E423FF1C9BDA64005B8AE7 = {
						CreatedOnToolsVersion = 7.2;
						DevelopmentTeam = W55448EFBF;
						TestTargetID = F8E423E61C9BDA64005B8AE7;
					};
					F8E4240A1C9BDA65005B8AE7 = {
						CreatedOnToolsVersion = 7.2;
						DevelopmentTeam = W55448EFBF;
						TestTargetID = F8E423E61C9BDA64005B8AE7;
					};
				};
			};
			buildConfigurationList = F8E423E21C9BDA64005B8AE7 /* Build configuration list for PBXProject "sideTest" */;
			compatibilityVersion = "Xcode 3.2";
			developmentRegion = English;
			hasScannedForEncodings = 0;
			knownRegions = (
				en,
				Base,
			);
			mainGroup = F8E423DE1C9BDA64005B8AE7;
			productRefGroup = F8E423E81C9BDA64005B8AE7 /* Products */;
			projectDirPath = "";
			projectRoot = "";
			targets = (
				F8E423E61C9BDA64005B8AE7 /* sideTest */,
				F8E423FF1C9BDA64005B8AE7 /* sideTestTests */,
				F8E4240A1C9BDA65005B8AE7 /* sideTestUITests */,
			);
		};
/* End PBXProject section */

/* Begin PBXResourcesBuildPhase section */
		F8E423E51C9BDA64005B8AE7 /* Resources */ = {
			isa = PBXResourcesBuildPhase;
			buildActionMask = 2147483647;
			files = (
				F8E423FA1C9BDA64005B8AE7 /* LaunchScreen.storyboard in Resources */,
				F8E423F71C9BDA64005B8AE7 /* Assets.xcassets in Resources */,
				F825012A1C9D1C7E00150AE3 /* Objective-C.gitignore in Resources */,
				F8E423F51C9BDA64005B8AE7 /* Main.storyboard in Resources */,
			);
			runOnlyForDeploymentPostprocessing = 0;
		};
		F8E423FE1C9BDA64005B8AE7 /* Resources */ = {
			isa = PBXResourcesBuildPhase;
			buildActionMask = 2147483647;
			files = (
			);
			runOnlyForDeploymentPostprocessing = 0;
		};
		F8E424091C9BDA65005B8AE7 /* Resources */ = {
			isa = PBXResourcesBuildPhase;
			buildActionMask = 2147483647;
			files = (
			);
			runOnlyForDeploymentPostprocessing = 0;
		};
/* End PBXResourcesBuildPhase section */

/* Begin PBXSourcesBuildPhase section */
		F8E423E31C9BDA64005B8AE7 /* Sources */ = {
			isa = PBXSourcesBuildPhase;
			buildActionMask = 2147483647;
			files = (
				B42A2B481D61AC300086ED33 /* TwoViewController.m in Sources */,
				F8E4242C1C9BDF89005B8AE7 /* SideVc.m in Sources */,
				B45FC9E31D62B50A00CD6FD5 /* RightSideVC.m in Sources */,
				F8E423EF1C9BDA64005B8AE7 /* AppDelegate.m in Sources */,
				B42A2B421D61A7D10086ED33 /* HYSideViewController.m in Sources */,
				F8E423EC1C9BDA64005B8AE7 /* main.m in Sources */,
			);
			runOnlyForDeploymentPostprocessing = 0;
		};
		F8E423FC1C9BDA64005B8AE7 /* Sources */ = {
			isa = PBXSourcesBuildPhase;
			buildActionMask = 2147483647;
			files = (
				F8E424051C9BDA65005B8AE7 /* sideTestTests.m in Sources */,
			);
			runOnlyForDeploymentPostprocessing = 0;
		};
		F8E424071C9BDA65005B8AE7 /* Sources */ = {
			isa = PBXSourcesBuildPhase;
			buildActionMask = 2147483647;
			files = (
				F8E424101C9BDA65005B8AE7 /* sideTestUITests.m in Sources */,
			);
			runOnlyForDeploymentPostprocessing = 0;
		};
/* End PBXSourcesBuildPhase section */

/* Begin PBXTargetDependency section */
		F8E424021C9BDA64005B8AE7 /* PBXTargetDependency */ = {
			isa = PBXTargetDependency;
			target = F8E423E61C9BDA64005B8AE7 /* sideTest */;
			targetProxy = F8E424011C9BDA64005B8AE7 /* PBXContainerItemProxy */;
		};
		F8E4240D1C9BDA65005B8AE7 /* PBXTargetDependency */ = {
			isa = PBXTargetDependency;
			target = F8E423E61C9BDA64005B8AE7 /* sideTest */;
			targetProxy = F8E4240C1C9BDA65005B8AE7 /* PBXContainerItemProxy */;
		};
/* End PBXTargetDependency section */

/* Begin PBXVariantGroup section */
		F8E423F31C9BDA64005B8AE7 /* Main.storyboard */ = {
			isa = PBXVariantGroup;
			children = (
				F8E423F41C9BDA64005B8AE7 /* Base */,
			);
			name = Main.storyboard;
			sourceTree = "<group>";
		};
		F8E423F81C9BDA64005B8AE7 /* LaunchScreen.storyboard */ = {
			isa = PBXVariantGroup;
			children = (
				F8E423F91C9BDA64005B8AE7 /* Base */,
			);
			name = LaunchScreen.storyboard;
			sourceTree = "<group>";
		};
/* End PBXVariantGroup section */

/* Begin XCBuildConfiguration section */
		F8E424121C9BDA65005B8AE7 /* Debug */ = {
			isa = XCBuildConfiguration;
			buildSettings = {
				ALWAYS_SEARCH_USER_PATHS = NO;
				CLANG_CXX_LANGUAGE_STANDARD = "gnu++0x";
				CLANG_CXX_LIBRARY = "libc++";
				CLANG_ENABLE_MODULES = YES;
				CLANG_ENABLE_OBJC_ARC = YES;
				CLANG_WARN_BOOL_CONVERSION = YES;
				CLANG_WARN_CONSTANT_CONVERSION = YES;
				CLANG_WARN_DIRECT_OBJC_ISA_USAGE = YES_ERROR;
				CLANG_WARN_EMPTY_BODY = YES;
				CLANG_WARN_ENUM_CONVERSION = YES;
				CLANG_WARN_INT_CONVERSION = YES;
				CLANG_WARN_OBJC_ROOT_CLASS = YES_ERROR;
				CLANG_WARN_UNREACHABLE_CODE = YES;
				CLANG_WARN__DUPLICATE_METHOD_MATCH = YES;
				"CODE_SIGN_IDENTITY[sdk=iphoneos*]" = "iPhone Developer";
				COPY_PHASE_STRIP = NO;
				DEBUG_INFORMATION_FORMAT = dwarf;
				ENABLE_STRICT_OBJC_MSGSEND = YES;
				ENABLE_TESTABILITY = YES;
				GCC_C_LANGUAGE_STANDARD = gnu99;
				GCC_DYNAMIC_NO_PIC = NO;
				GCC_NO_COMMON_BLOCKS = YES;
				GCC_OPTIMIZATION_LEVEL = 0;
				GCC_PREPROCESSOR_DEFINITIONS = (
					"DEBUG=1",
					"$(inherited)",
				);
				GCC_WARN_64_TO_32_BIT_CONVERSION = YES;
				GCC_WARN_ABOUT_RETURN_TYPE = YES_ERROR;
				GCC_WARN_UNDECLARED_SELECTOR = YES;
				GCC_WARN_UNINITIALIZED_AUTOS = YES_AGGRESSIVE;
				GCC_WARN_UNUSED_FUNCTION = YES;
				GCC_WARN_UNUSED_VARIABLE = YES;
				IPHONEOS_DEPLOYMENT_TARGET = 9.2;
				MTL_ENABLE_DEBUG_INFO = YES;
				ONLY_ACTIVE_ARCH = YES;
				SDKROOT = iphoneos;
			};
			name = Debug;
		};
		F8E424131C9BDA65005B8AE7 /* Release */ = {
			isa = XCBuildConfiguration;
			buildSettings = {
				ALWAYS_SEARCH_USER_PATHS = NO;
				CLANG_CXX_LANGUAGE_STANDARD = "gnu++0x";
				CLANG_CXX_LIBRARY = "libc++";
				CLANG_ENABLE_MODULES = YES;
				CLANG_ENABLE_OBJC_ARC = YES;
				CLANG_WARN_BOOL_CONVERSION = YES;
				CLANG_WARN_CONSTANT_CONVERSION = YES;
				CLANG_WARN_DIRECT_OBJC_ISA_USAGE = YES_ERROR;
				CLANG_WARN_EMPTY_BODY = YES;
				CLANG_WARN_ENUM_CONVERSION = YES;
				CLANG_WARN_INT_CONVERSION = YES;
				CLANG_WARN_OBJC_ROOT_CLASS = YES_ERROR;
				CLANG_WARN_UNREACHABLE_CODE = YES;
				CLANG_WARN__DUPLICATE_METHOD_MATCH = YES;
				"CODE_SIGN_IDENTITY[sdk=iphoneos*]" = "iPhone Developer";
				COPY_PHASE_STRIP = NO;
				DEBUG_INFORMATION_FORMAT = "dwarf-with-dsym";
				ENABLE_NS_ASSERTIONS = NO;
				ENABLE_STRICT_OBJC_MSGSEND = YES;
				GCC_C_LANGUAGE_STANDARD = gnu99;
				GCC_NO_COMMON_BLOCKS = YES;
				GCC_WARN_64_TO_32_BIT_CONVERSION = YES;
				GCC_WARN_ABOUT_RETURN_TYPE = YES_ERROR;
				GCC_WARN_UNDECLARED_SELECTOR = YES;
				GCC_WARN_UNINITIALIZED_AUTOS = YES_AGGRESSIVE;
				GCC_WARN_UNUSED_FUNCTION = YES;
				GCC_WARN_UNUSED_VARIABLE = YES;
				IPHONEOS_DEPLOYMENT_TARGET = 9.2;
				MTL_ENABLE_DEBUG_INFO = NO;
				SDKROOT = iphoneos;
				VALIDATE_PRODUCT = YES;
			};
			name = Release;
		};
		F8E424151C9BDA65005B8AE7 /* Debug */ = {
			isa = XCBuildConfiguration;
			buildSettings = {
				ASSETCATALOG_COMPILER_APPICON_NAME = AppIcon;
				INFOPLIST_FILE = sideTest/Info.plist;
				LD_RUNPATH_SEARCH_PATHS = "$(inherited) @executable_path/Frameworks";
				PRODUCT_BUNDLE_IDENTIFIER = com.yeliang.sideTest;
				PRODUCT_NAME = "$(TARGET_NAME)";
			};
			name = Debug;
		};
		F8E424161C9BDA65005B8AE7 /* Release */ = {
			isa = XCBuildConfiguration;
			buildSettings = {
				ASSETCATALOG_COMPILER_APPICON_NAME = AppIcon;
				INFOPLIST_FILE = sideTest/Info.plist;
				LD_RUNPATH_SEARCH_PATHS = "$(inherited) @executable_path/Frameworks";
				PRODUCT_BUNDLE_IDENTIFIER = com.yeliang.sideTest;
				PRODUCT_NAME = "$(TARGET_NAME)";
			};
			name = Release;
		};
		F8E424181C9BDA65005B8AE7 /* Debug */ = {
			isa = XCBuildConfiguration;
			buildSettings = {
				BUNDLE_LOADER = "$(TEST_HOST)";
				INFOPLIST_FILE = sideTestTests/Info.plist;
				LD_RUNPATH_SEARCH_PATHS = "$(inherited) @executable_path/Frameworks @loader_path/Frameworks";
				PRODUCT_BUNDLE_IDENTIFIER = com.yeliang.sideTestTests;
				PRODUCT_NAME = "$(TARGET_NAME)";
				TEST_HOST = "$(BUILT_PRODUCTS_DIR)/sideTest.app/sideTest";
			};
			name = Debug;
		};
		F8E424191C9BDA65005B8AE7 /* Release */ = {
			isa = XCBuildConfiguration;
			buildSettings = {
				BUNDLE_LOADER = "$(TEST_HOST)";
				INFOPLIST_FILE = sideTestTests/Info.plist;
				LD_RUNPATH_SEARCH_PATHS = "$(inherited) @executable_path/Frameworks @loader_path/Frameworks";
				PRODUCT_BUNDLE_IDENTIFIER = com.yeliang.sideTestTests;
				PRODUCT_NAME = "$(TARGET_NAME)";
				TEST_HOST = "$(BUILT_PRODUCTS_DIR)/sideTest.app/sideTest";
			};
			name = Release;
		};
		F8E4241B1C9BDA65005B8AE7 /* Debug */ = {
			isa = XCBuildConfiguration;
			buildSettings = {
				INFOPLIST_FILE = sideTestUITests/Info.plist;
				LD_RUNPATH_SEARCH_PATHS = "$(inherited) @executable_path/Frameworks @loader_path/Frameworks";
				PRODUCT_BUNDLE_IDENTIFIER = com.yeliang.sideTestUITests;
				PRODUCT_NAME = "$(TARGET_NAME)";
				TEST_TARGET_NAME = sideTest;
				USES_XCTRUNNER = YES;
			};
			name = Debug;
		};
		F8E4241C1C9BDA65005B8AE7 /* Release */ = {
			isa = XCBuildConfiguration;
			buildSettings = {
				INFOPLIST_FILE = sideTestUITests/Info.plist;
				LD_RUNPATH_SEARCH_PATHS = "$(inherited) @executable_path/Frameworks @loader_path/Frameworks";
				PRODUCT_BUNDLE_IDENTIFIER = com.yeliang.sideTestUITests;
				PRODUCT_NAME = "$(TARGET_NAME)";
				TEST_TARGET_NAME = sideTest;
				USES_XCTRUNNER = YES;
			};
			name = Release;
		};
/* End XCBuildConfiguration section */

/* Begin XCConfigurationList section */
		F8E423E21C9BDA64005B8AE7 /* Build configuration list for PBXProject "sideTest" */ = {
			isa = XCConfigurationList;
			buildConfigurations = (
				F8E424121C9BDA65005B8AE7 /* Debug */,
				F8E424131C9BDA65005B8AE7 /* Release */,
			);
			defaultConfigurationIsVisible = 0;
			defaultConfigurationName = Release;
		};
		F8E424141C9BDA65005B8AE7 /* Build configuration list for PBXNativeTarget "sideTest" */ = {
			isa = XCConfigurationList;
			buildConfigurations = (
				F8E424151C9BDA65005B8AE7 /* Debug */,
				F8E424161C9BDA65005B8AE7 /* Release */,
			);
			defaultConfigurationIsVisible = 0;
			defaultConfigurationName = Release;
		};
		F8E424171C9BDA65005B8AE7 /* Build configuration list for PBXNativeTarget "sideTestTests" */ = {
			isa = XCConfigurationList;
			buildConfigurations = (
				F8E424181C9BDA65005B8AE7 /* Debug */,
				F8E424191C9BDA65005B8AE7 /* Release */,
			);
			defaultConfigurationIsVisible = 0;
			defaultConfigurationName = Release;
		};
		F8E4241A1C9BDA65005B8AE7 /* Build configuration list for PBXNativeTarget "sideTestUITests" */ = {
			isa = XCConfigurationList;
			buildConfigurations = (
				F8E4241B1C9BDA65005B8AE7 /* Debug */,
				F8E4241C1C9BDA65005B8AE7 /* Release */,
			);
			defaultConfigurationIsVisible = 0;
			defaultConfigurationName = Release;
		};
/* End XCConfigurationList section */
	};
	rootObject = F8E423DF1C9BDA64005B8AE7 /* Project object */;
}
